
Microsoft Visual Studio Solution File, Format Version 12.00
# Visual Studio Version 17
VisualStudioVersion = 17.4.33213.308
MinimumVisualStudioVersion = 10.0.40219.1
Project("{9A19103F-16F7-4668-BE54-9A1E7A4F7556}") = "FunctionWithDependency", "FunctionApp3\FunctionWithDependency.csproj", "{913CB8D9-F897-41AA-AA3F-7152DC65A6D6}"
EndProject
Global
	GlobalSection(SolutionConfigurationPlatforms) = preSolution
		Debug|Any CPU = Debug|Any CPU
		Release|Any CPU = Release|Any CPU
	EndGlobalSection
	GlobalSection(ProjectConfigurationPlatforms) = postSolution
		{913CB8D9-F897-41AA-AA3F-7152DC65A6D6}.Debug|Any CPU.ActiveCfg = Debug|Any CPU
		{913CB8D9-F897-41AA-AA3F-7152DC65A6D6}.Debug|Any CPU.Build.0 = Debug|Any CPU
		{913CB8D9-F897-41AA-AA3F-7152DC65A6D6}.Release|Any CPU.ActiveCfg = Release|Any CPU
		{913CB8D9-F897-41AA-AA3F-7152DC65A6D6}.Release|Any CPU.Build.0 = Release|Any CPU
	EndGlobalSection
	GlobalSection(SolutionProperties) = preSolution
		HideSolutionNode = FALSE
	EndGlobalSection
	GlobalSection(ExtensibilityGlobals) = postSolution
		SolutionGuid = {14A60E89-5B39-4284-90EE-FAF664AAF50D}
	EndGlobalSection
EndGlobal
